// !$*UTF8*$!
{
    archiveVersion = 1;
    classes = {
    };
    objectVersion = 50;
    objects = {

/* Begin PBXBuildFile section */
        4185631820A545BB00AA7493 /* TaskDAO.swift in Sources */ = {isa = PBXBuildFile; fileRef = 4185631720A545BB00AA7493 /* TaskDAO.swift */; };
        4185636720A5621900AA7493 /* TaskDAO.swift in Sources */ = {isa = PBXBuildFile; fileRef = 4185631720A545BB00AA7493 /* TaskDAO.swift */; };
        4A6BD493F0475AF0C647F177 /* ButtonExtension.swift in Sources */ = {isa = PBXBuildFile; fileRef = 4A6BDC18DA95777B3555B32E /* ButtonExtension.swift */; };
        4A6BDDAAC3A2E42D6FF9BFD7 /* ButtonExtension.swift in Sources */ = {isa = PBXBuildFile; fileRef = 4A6BDC18DA95777B3555B32E /* ButtonExtension.swift */; };
        4A6BDE028DF44FFAA0230AA4 /* ButtonExtension.swift in Sources */ = {isa = PBXBuildFile; fileRef = 4A6BDC18DA95777B3555B32E /* ButtonExtension.swift */; };
        833DED8320B0BC7300CCA657 /* ClockFaceView.swift in Sources */ = {isa = PBXBuildFile; fileRef = 83927E6820B0A7A500E3D927 /* ClockFaceView.swift */; };
        833DED8420B0BC7500CCA657 /* ClockFaceView.swift in Sources */ = {isa = PBXBuildFile; fileRef = 83927E6820B0A7A500E3D927 /* ClockFaceView.swift */; };
        833DED8620B0DC6100CCA657 /* ListTaskTableViewCell.swift in Sources */ = {isa = PBXBuildFile; fileRef = 833DED8520B0DC6100CCA657 /* ListTaskTableViewCell.swift */; };
        834A4C5C20B9E82F000F1C80 /* MainDetailTableViewCell.swift in Sources */ = {isa = PBXBuildFile; fileRef = 834A4C5B20B9E82F000F1C80 /* MainDetailTableViewCell.swift */; };
        834A4C5D20BB3173000F1C80 /* ListTaskViewController.swift in Sources */ = {isa = PBXBuildFile; fileRef = 83927E6620B0A4D100E3D927 /* ListTaskViewController.swift */; };
        834A4C5E20BB3173000F1C80 /* ListTaskViewController.swift in Sources */ = {isa = PBXBuildFile; fileRef = 83927E6620B0A4D100E3D927 /* ListTaskViewController.swift */; };
        834A4C5F20BB3177000F1C80 /* ListTaskTableViewCell.swift in Sources */ = {isa = PBXBuildFile; fileRef = 833DED8520B0DC6100CCA657 /* ListTaskTableViewCell.swift */; };
        834A4C6020BB3177000F1C80 /* ListTaskTableViewCell.swift in Sources */ = {isa = PBXBuildFile; fileRef = 833DED8520B0DC6100CCA657 /* ListTaskTableViewCell.swift */; };
        834A4C6120BB317A000F1C80 /* TaskDetailViewController.swift in Sources */ = {isa = PBXBuildFile; fileRef = 83FC745A20B21ED200CA0BEB /* TaskDetailViewController.swift */; };
        834A4C6220BB317A000F1C80 /* TaskDetailViewController.swift in Sources */ = {isa = PBXBuildFile; fileRef = 83FC745A20B21ED200CA0BEB /* TaskDetailViewController.swift */; };
        834A4C6320BB317D000F1C80 /* MainDetailTableViewCell.swift in Sources */ = {isa = PBXBuildFile; fileRef = 834A4C5B20B9E82F000F1C80 /* MainDetailTableViewCell.swift */; };
        834A4C6420BB317E000F1C80 /* MainDetailTableViewCell.swift in Sources */ = {isa = PBXBuildFile; fileRef = 834A4C5B20B9E82F000F1C80 /* MainDetailTableViewCell.swift */; };
        834A4C6520BB318C000F1C80 /* TextViewTableViewCell.swift in Sources */ = {isa = PBXBuildFile; fileRef = 83BBB18420B4FF030013776D /* TextViewTableViewCell.swift */; };
        834A4C6620BB318C000F1C80 /* TextViewTableViewCell.swift in Sources */ = {isa = PBXBuildFile; fileRef = 83BBB18420B4FF030013776D /* TextViewTableViewCell.swift */; };
        834A4C6720BB318F000F1C80 /* TextFieldTableViewCell.swift in Sources */ = {isa = PBXBuildFile; fileRef = 83BBB17C20B2BECD0013776D /* TextFieldTableViewCell.swift */; };
        834A4C6820BB318F000F1C80 /* TextFieldTableViewCell.swift in Sources */ = {isa = PBXBuildFile; fileRef = 83BBB17C20B2BECD0013776D /* TextFieldTableViewCell.swift */; };
        834A4C6920BB3192000F1C80 /* TaskDetailTableViewController.swift in Sources */ = {isa = PBXBuildFile; fileRef = 83A61B8920AF340A00627714 /* TaskDetailTableViewController.swift */; };
        834A4C6A20BB3193000F1C80 /* TaskDetailTableViewController.swift in Sources */ = {isa = PBXBuildFile; fileRef = 83A61B8920AF340A00627714 /* TaskDetailTableViewController.swift */; };
        834A4C6B20BB3195000F1C80 /* TaskEditPageViewController.swift in Sources */ = {isa = PBXBuildFile; fileRef = 83F7571820AC23E500FFD1A0 /* TaskEditPageViewController.swift */; };
        834A4C6D20BB31A6000F1C80 /* Assets.xcassets in Resources */ = {isa = PBXBuildFile; fileRef = ED6C2A55209302660063B4AC /* Assets.xcassets */; };
        834A4C6E20BB31A7000F1C80 /* Assets.xcassets in Resources */ = {isa = PBXBuildFile; fileRef = ED6C2A55209302660063B4AC /* Assets.xcassets */; };
        834A4C7020BB329A000F1C80 /* UITaskDetail.swift in Sources */ = {isa = PBXBuildFile; fileRef = ED5B5ACA20AA94AA00E3C5F8 /* UITaskDetail.swift */; };
        834A4C7120BB329A000F1C80 /* UITaskDetail.swift in Sources */ = {isa = PBXBuildFile; fileRef = ED5B5ACA20AA94AA00E3C5F8 /* UITaskDetail.swift */; };
        834A4C7320BBB53F000F1C80 /* SwitchTableViewCell.swift in Sources */ = {isa = PBXBuildFile; fileRef = 834A4C7220BBB53F000F1C80 /* SwitchTableViewCell.swift */; };
        834A4C7420BBB53F000F1C80 /* SwitchTableViewCell.swift in Sources */ = {isa = PBXBuildFile; fileRef = 834A4C7220BBB53F000F1C80 /* SwitchTableViewCell.swift */; };
        834A4C7520BBB53F000F1C80 /* SwitchTableViewCell.swift in Sources */ = {isa = PBXBuildFile; fileRef = 834A4C7220BBB53F000F1C80 /* SwitchTableViewCell.swift */; };
        8352DA0020BF551000EC9D72 /* TaskEditPageViewController.swift in Sources */ = {isa = PBXBuildFile; fileRef = 83F7571820AC23E500FFD1A0 /* TaskEditPageViewController.swift */; };
        8379928420A7B797005784AE /* AutolayoutExtension.swift in Sources */ = {isa = PBXBuildFile; fileRef = 8379928320A7B797005784AE /* AutolayoutExtension.swift */; };
        8379928620A93787005784AE /* SignUp.swift in Sources */ = {isa = PBXBuildFile; fileRef = 8379928520A93787005784AE /* SignUp.swift */; };
        83927E6720B0A4D100E3D927 /* ListTaskViewController.swift in Sources */ = {isa = PBXBuildFile; fileRef = 83927E6620B0A4D100E3D927 /* ListTaskViewController.swift */; };
        83927E6920B0A7A500E3D927 /* ClockFaceView.swift in Sources */ = {isa = PBXBuildFile; fileRef = 83927E6820B0A7A500E3D927 /* ClockFaceView.swift */; };
        83A61B8A20AF340A00627714 /* TaskDetailTableViewController.swift in Sources */ = {isa = PBXBuildFile; fileRef = 83A61B8920AF340A00627714 /* TaskDetailTableViewController.swift */; };
        83BBB17D20B2BECD0013776D /* TextFieldTableViewCell.swift in Sources */ = {isa = PBXBuildFile; fileRef = 83BBB17C20B2BECD0013776D /* TextFieldTableViewCell.swift */; };
        83BBB18520B4FF030013776D /* TextViewTableViewCell.swift in Sources */ = {isa = PBXBuildFile; fileRef = 83BBB18420B4FF030013776D /* TextViewTableViewCell.swift */; };
        83F7571920AC23E500FFD1A0 /* TaskEditPageViewController.swift in Sources */ = {isa = PBXBuildFile; fileRef = 83F7571820AC23E500FFD1A0 /* TaskEditPageViewController.swift */; };
        83FC745B20B21ED200CA0BEB /* TaskDetailViewController.swift in Sources */ = {isa = PBXBuildFile; fileRef = 83FC745A20B21ED200CA0BEB /* TaskDetailViewController.swift */; };
        ED43235D209E85EA00F11140 /* TaskManager.swift in Sources */ = {isa = PBXBuildFile; fileRef = ED43235C209E85EA00F11140 /* TaskManager.swift */; };
        ED43235E209E85EA00F11140 /* TaskManager.swift in Sources */ = {isa = PBXBuildFile; fileRef = ED43235C209E85EA00F11140 /* TaskManager.swift */; };
        ED432360209E870B00F11140 /* Task.swift in Sources */ = {isa = PBXBuildFile; fileRef = ED43235F209E870B00F11140 /* Task.swift */; };
        ED432361209E870B00F11140 /* Task.swift in Sources */ = {isa = PBXBuildFile; fileRef = ED43235F209E870B00F11140 /* Task.swift */; };
        ED5B5A6820A0EA9600E3C5F8 /* Setting.swift in Sources */ = {isa = PBXBuildFile; fileRef = ED5B5A6720A0EA9600E3C5F8 /* Setting.swift */; };
        ED5B5A6920A0EA9600E3C5F8 /* Setting.swift in Sources */ = {isa = PBXBuildFile; fileRef = ED5B5A6720A0EA9600E3C5F8 /* Setting.swift */; };
        ED5B5A6B20A0FB7500E3C5F8 /* SettingDAO.swift in Sources */ = {isa = PBXBuildFile; fileRef = ED5B5A6A20A0FB7500E3C5F8 /* SettingDAO.swift */; };
        ED5B5A6C20A0FB7500E3C5F8 /* SettingDAO.swift in Sources */ = {isa = PBXBuildFile; fileRef = ED5B5A6A20A0FB7500E3C5F8 /* SettingDAO.swift */; };
        ED5B5A6E20A105D300E3C5F8 /* SettingForm.swift in Sources */ = {isa = PBXBuildFile; fileRef = ED5B5A6D20A105D300E3C5F8 /* SettingForm.swift */; };
        ED5B5A6F20A105D300E3C5F8 /* SettingForm.swift in Sources */ = {isa = PBXBuildFile; fileRef = ED5B5A6D20A105D300E3C5F8 /* SettingForm.swift */; };
        ED5B5A7120A2528E00E3C5F8 /* IDGenerator.swift in Sources */ = {isa = PBXBuildFile; fileRef = ED5B5A7020A2528E00E3C5F8 /* IDGenerator.swift */; };
        ED5B5A7220A2528E00E3C5F8 /* IDGenerator.swift in Sources */ = {isa = PBXBuildFile; fileRef = ED5B5A7020A2528E00E3C5F8 /* IDGenerator.swift */; };
        ED5B5A7420A511C400E3C5F8 /* TaskForm.swift in Sources */ = {isa = PBXBuildFile; fileRef = ED5B5A7320A511C400E3C5F8 /* TaskForm.swift */; };
        ED5B5A7520A511C400E3C5F8 /* TaskForm.swift in Sources */ = {isa = PBXBuildFile; fileRef = ED5B5A7320A511C400E3C5F8 /* TaskForm.swift */; };
        ED5B5A8E20AA6AE000E3C5F8 /* QuickSort.swift in Sources */ = {isa = PBXBuildFile; fileRef = ED5B5A8D20AA6AE000E3C5F8 /* QuickSort.swift */; };
        ED5B5A8F20AA6AE000E3C5F8 /* QuickSort.swift in Sources */ = {isa = PBXBuildFile; fileRef = ED5B5A8D20AA6AE000E3C5F8 /* QuickSort.swift */; };
        ED5B5A9020AA6AE000E3C5F8 /* QuickSort.swift in Sources */ = {isa = PBXBuildFile; fileRef = ED5B5A8D20AA6AE000E3C5F8 /* QuickSort.swift */; };
        ED5B5A9220AA701A00E3C5F8 /* AutolayoutExtension.swift in Sources */ = {isa = PBXBuildFile; fileRef = 8379928320A7B797005784AE /* AutolayoutExtension.swift */; };
        ED5B5A9320AA701B00E3C5F8 /* AutolayoutExtension.swift in Sources */ = {isa = PBXBuildFile; fileRef = 8379928320A7B797005784AE /* AutolayoutExtension.swift */; };
        ED5B5A9420AA701D00E3C5F8 /* TaskManager.swift in Sources */ = {isa = PBXBuildFile; fileRef = ED43235C209E85EA00F11140 /* TaskManager.swift */; };
        ED5B5A9520AA701F00E3C5F8 /* AppDelegate.swift in Sources */ = {isa = PBXBuildFile; fileRef = ED6C2A4A209302650063B4AC /* AppDelegate.swift */; };
        ED5B5A9620AA701F00E3C5F8 /* AppDelegate.swift in Sources */ = {isa = PBXBuildFile; fileRef = ED6C2A4A209302650063B4AC /* AppDelegate.swift */; };
        ED5B5A9720AA702200E3C5F8 /* IDGenerator.swift in Sources */ = {isa = PBXBuildFile; fileRef = ED5B5A7020A2528E00E3C5F8 /* IDGenerator.swift */; };
        ED5B5AA620AA703800E3C5F8 /* ModelController.swift in Sources */ = {isa = PBXBuildFile; fileRef = ED6C2A50209302650063B4AC /* ModelController.swift */; };
        ED5B5AA720AA703800E3C5F8 /* Clockview.swift in Sources */ = {isa = PBXBuildFile; fileRef = EDDEE2482097B3B50078827A /* Clockview.swift */; };
        ED5B5AA820AA703800E3C5F8 /* UI_template.swift in Sources */ = {isa = PBXBuildFile; fileRef = EDDEE24E2097C7830078827A /* UI_template.swift */; };
        ED5B5AA920AA703800E3C5F8 /* SignUp.swift in Sources */ = {isa = PBXBuildFile; fileRef = 8379928520A93787005784AE /* SignUp.swift */; };
        ED5B5AAA20AA703800E3C5F8 /* Startup.swift in Sources */ = {isa = PBXBuildFile; fileRef = EDDEE2502097CA730078827A /* Startup.swift */; };
        ED5B5AAB20AA703800E3C5F8 /* ListView.swift in Sources */ = {isa = PBXBuildFile; fileRef = EDDEE24A2097B77E0078827A /* ListView.swift */; };
        ED5B5AAC20AA703800E3C5F8 /* SettingPage.swift in Sources */ = {isa = PBXBuildFile; fileRef = EDDEE24C2097C36D0078827A /* SettingPage.swift */; };
        ED5B5AAD20AA703800E3C5F8 /* RootViewController.swift in Sources */ = {isa = PBXBuildFile; fileRef = ED6C2A4C209302650063B4AC /* RootViewController.swift */; };
        ED5B5AAF20AA703800E3C5F8 /* ModelController.swift in Sources */ = {isa = PBXBuildFile; fileRef = ED6C2A50209302650063B4AC /* ModelController.swift */; };
        ED5B5AB020AA703800E3C5F8 /* Clockview.swift in Sources */ = {isa = PBXBuildFile; fileRef = EDDEE2482097B3B50078827A /* Clockview.swift */; };
        ED5B5AB120AA703800E3C5F8 /* UI_template.swift in Sources */ = {isa = PBXBuildFile; fileRef = EDDEE24E2097C7830078827A /* UI_template.swift */; };
        ED5B5AB220AA703800E3C5F8 /* SignUp.swift in Sources */ = {isa = PBXBuildFile; fileRef = 8379928520A93787005784AE /* SignUp.swift */; };
        ED5B5AB320AA703800E3C5F8 /* Startup.swift in Sources */ = {isa = PBXBuildFile; fileRef = EDDEE2502097CA730078827A /* Startup.swift */; };
        ED5B5AB420AA703800E3C5F8 /* ListView.swift in Sources */ = {isa = PBXBuildFile; fileRef = EDDEE24A2097B77E0078827A /* ListView.swift */; };
        ED5B5AB520AA703800E3C5F8 /* SettingPage.swift in Sources */ = {isa = PBXBuildFile; fileRef = EDDEE24C2097C36D0078827A /* SettingPage.swift */; };
        ED5B5AB620AA703800E3C5F8 /* RootViewController.swift in Sources */ = {isa = PBXBuildFile; fileRef = ED6C2A4C209302650063B4AC /* RootViewController.swift */; };
        ED5B5AB920AA712A00E3C5F8 /* UserForm.swift in Sources */ = {isa = PBXBuildFile; fileRef = ED681757209BB94500FEF7D7 /* UserForm.swift */; };
        ED5B5ABA20AA712A00E3C5F8 /* UserDAO.swift in Sources */ = {isa = PBXBuildFile; fileRef = ED9FE995209AB14B00F0DB56 /* UserDAO.swift */; };
        ED5B5ABB20AA712A00E3C5F8 /* UserData.swift in Sources */ = {isa = PBXBuildFile; fileRef = ED9FE994209AB14B00F0DB56 /* UserData.swift */; };
        ED5B5ABC20AA712A00E3C5F8 /* Task.swift in Sources */ = {isa = PBXBuildFile; fileRef = ED43235F209E870B00F11140 /* Task.swift */; };
        ED5B5ABD20AA712A00E3C5F8 /* TaskDAO.swift in Sources */ = {isa = PBXBuildFile; fileRef = 4185631720A545BB00AA7493 /* TaskDAO.swift */; };
        ED5B5ABE20AA712A00E3C5F8 /* TaskForm.swift in Sources */ = {isa = PBXBuildFile; fileRef = ED5B5A7320A511C400E3C5F8 /* TaskForm.swift */; };
        ED5B5ABF20AA712A00E3C5F8 /* Setting.swift in Sources */ = {isa = PBXBuildFile; fileRef = ED5B5A6720A0EA9600E3C5F8 /* Setting.swift */; };
        ED5B5AC020AA712A00E3C5F8 /* SettingDAO.swift in Sources */ = {isa = PBXBuildFile; fileRef = ED5B5A6A20A0FB7500E3C5F8 /* SettingDAO.swift */; };
        ED5B5AC120AA712A00E3C5F8 /* SettingForm.swift in Sources */ = {isa = PBXBuildFile; fileRef = ED5B5A6D20A105D300E3C5F8 /* SettingForm.swift */; };
        ED5B5AC320AA754400E3C5F8 /* UITask.swift in Sources */ = {isa = PBXBuildFile; fileRef = ED5B5AC220AA754400E3C5F8 /* UITask.swift */; };
        ED5B5AC420AA754400E3C5F8 /* UITask.swift in Sources */ = {isa = PBXBuildFile; fileRef = ED5B5AC220AA754400E3C5F8 /* UITask.swift */; };
        ED5B5AC520AA754400E3C5F8 /* UITask.swift in Sources */ = {isa = PBXBuildFile; fileRef = ED5B5AC220AA754400E3C5F8 /* UITask.swift */; };
        ED5B5AC720AA86B400E3C5F8 /* ColorExtension.swift in Sources */ = {isa = PBXBuildFile; fileRef = ED5B5AC620AA86B400E3C5F8 /* ColorExtension.swift */; };
        ED5B5AC820AA86B400E3C5F8 /* ColorExtension.swift in Sources */ = {isa = PBXBuildFile; fileRef = ED5B5AC620AA86B400E3C5F8 /* ColorExtension.swift */; };
        ED5B5AC920AA86B400E3C5F8 /* ColorExtension.swift in Sources */ = {isa = PBXBuildFile; fileRef = ED5B5AC620AA86B400E3C5F8 /* ColorExtension.swift */; };
        ED5B5ACB20AA94AA00E3C5F8 /* UITaskDetail.swift in Sources */ = {isa = PBXBuildFile; fileRef = ED5B5ACA20AA94AA00E3C5F8 /* UITaskDetail.swift */; };
        ED681758209BB94500FEF7D7 /* UserForm.swift in Sources */ = {isa = PBXBuildFile; fileRef = ED681757209BB94500FEF7D7 /* UserForm.swift */; };
        ED681759209BB94500FEF7D7 /* UserForm.swift in Sources */ = {isa = PBXBuildFile; fileRef = ED681757209BB94500FEF7D7 /* UserForm.swift */; };
        ED68175A209BBA4E00FEF7D7 /* UserDAO.swift in Sources */ = {isa = PBXBuildFile; fileRef = ED9FE995209AB14B00F0DB56 /* UserDAO.swift */; };
        ED68175B209BBA5100FEF7D7 /* UserData.swift in Sources */ = {isa = PBXBuildFile; fileRef = ED9FE994209AB14B00F0DB56 /* UserData.swift */; };
        ED6C2A4B209302650063B4AC /* AppDelegate.swift in Sources */ = {isa = PBXBuildFile; fileRef = ED6C2A4A209302650063B4AC /* AppDelegate.swift */; };
        ED6C2A4D209302650063B4AC /* RootViewController.swift in Sources */ = {isa = PBXBuildFile; fileRef = ED6C2A4C209302650063B4AC /* RootViewController.swift */; };
        ED6C2A51209302650063B4AC /* ModelController.swift in Sources */ = {isa = PBXBuildFile; fileRef = ED6C2A50209302650063B4AC /* ModelController.swift */; };
        ED6C2A54209302650063B4AC /* Main.storyboard in Resources */ = {isa = PBXBuildFile; fileRef = ED6C2A52209302650063B4AC /* Main.storyboard */; };
        ED6C2A56209302660063B4AC /* Assets.xcassets in Resources */ = {isa = PBXBuildFile; fileRef = ED6C2A55209302660063B4AC /* Assets.xcassets */; };
        ED6C2A59209302660063B4AC /* LaunchScreen.storyboard in Resources */ = {isa = PBXBuildFile; fileRef = ED6C2A57209302660063B4AC /* LaunchScreen.storyboard */; };
        ED6C2A64209302660063B4AC /* HALPTests.swift in Sources */ = {isa = PBXBuildFile; fileRef = ED6C2A63209302660063B4AC /* HALPTests.swift */; };
        ED6C2A6F209302660063B4AC /* HALPUITests.swift in Sources */ = {isa = PBXBuildFile; fileRef = ED6C2A6E209302660063B4AC /* HALPUITests.swift */; };
        ED9FE996209AB14B00F0DB56 /* UserData.swift in Sources */ = {isa = PBXBuildFile; fileRef = ED9FE994209AB14B00F0DB56 /* UserData.swift */; };
        ED9FE998209AB14B00F0DB56 /* UserDAO.swift in Sources */ = {isa = PBXBuildFile; fileRef = ED9FE995209AB14B00F0DB56 /* UserDAO.swift */; };
        EDDEE2492097B3B50078827A /* Clockview.swift in Sources */ = {isa = PBXBuildFile; fileRef = EDDEE2482097B3B50078827A /* Clockview.swift */; };
        EDDEE24B2097B77E0078827A /* ListView.swift in Sources */ = {isa = PBXBuildFile; fileRef = EDDEE24A2097B77E0078827A /* ListView.swift */; };
        EDDEE24D2097C36D0078827A /* SettingPage.swift in Sources */ = {isa = PBXBuildFile; fileRef = EDDEE24C2097C36D0078827A /* SettingPage.swift */; };
        EDDEE24F2097C7830078827A /* UI_template.swift in Sources */ = {isa = PBXBuildFile; fileRef = EDDEE24E2097C7830078827A /* UI_template.swift */; };
        EDDEE2512097CA730078827A /* Startup.swift in Sources */ = {isa = PBXBuildFile; fileRef = EDDEE2502097CA730078827A /* Startup.swift */; };
/* End PBXBuildFile section */

/* Begin PBXContainerItemProxy section */
        ED6C2A60209302660063B4AC /* PBXContainerItemProxy */ = {
            isa = PBXContainerItemProxy;
            containerPortal = ED6C2A3F209302640063B4AC /* Project object */;
            proxyType = 1;
            remoteGlobalIDString = ED6C2A46209302640063B4AC;
            remoteInfo = HALP;
        };
        ED6C2A6B209302660063B4AC /* PBXContainerItemProxy */ = {
            isa = PBXContainerItemProxy;
            containerPortal = ED6C2A3F209302640063B4AC /* Project object */;
            proxyType = 1;
            remoteGlobalIDString = ED6C2A46209302640063B4AC;
            remoteInfo = HALP;
        };
/* End PBXContainerItemProxy section */

/* Begin PBXFileReference section */
        4185631720A545BB00AA7493 /* TaskDAO.swift */ = {isa = PBXFileReference; lastKnownFileType = sourcecode.swift; path = TaskDAO.swift; sourceTree = "<group>"; };
        4A6BDC18DA95777B3555B32E /* ButtonExtension.swift */ = {isa = PBXFileReference; fileEncoding = 4; lastKnownFileType = sourcecode.swift; path = ButtonExtension.swift; sourceTree = "<group>"; };
        833DED8520B0DC6100CCA657 /* ListTaskTableViewCell.swift */ = {isa = PBXFileReference; lastKnownFileType = sourcecode.swift; path = ListTaskTableViewCell.swift; sourceTree = "<group>"; };
        834A4C5B20B9E82F000F1C80 /* MainDetailTableViewCell.swift */ = {isa = PBXFileReference; lastKnownFileType = sourcecode.swift; path = MainDetailTableViewCell.swift; sourceTree = "<group>"; };
        834A4C7220BBB53F000F1C80 /* SwitchTableViewCell.swift */ = {isa = PBXFileReference; lastKnownFileType = sourcecode.swift; path = SwitchTableViewCell.swift; sourceTree = "<group>"; };
        8379928320A7B797005784AE /* AutolayoutExtension.swift */ = {isa = PBXFileReference; lastKnownFileType = sourcecode.swift; path = AutolayoutExtension.swift; sourceTree = "<group>"; };
        8379928520A93787005784AE /* SignUp.swift */ = {isa = PBXFileReference; lastKnownFileType = sourcecode.swift; path = SignUp.swift; sourceTree = "<group>"; };
        83927E6620B0A4D100E3D927 /* ListTaskViewController.swift */ = {isa = PBXFileReference; lastKnownFileType = sourcecode.swift; path = ListTaskViewController.swift; sourceTree = "<group>"; };
        83927E6820B0A7A500E3D927 /* ClockFaceView.swift */ = {isa = PBXFileReference; lastKnownFileType = sourcecode.swift; path = ClockFaceView.swift; sourceTree = "<group>"; };
        83A61B8920AF340A00627714 /* TaskDetailTableViewController.swift */ = {isa = PBXFileReference; lastKnownFileType = sourcecode.swift; path = TaskDetailTableViewController.swift; sourceTree = "<group>"; };
        83BBB17C20B2BECD0013776D /* TextFieldTableViewCell.swift */ = {isa = PBXFileReference; lastKnownFileType = sourcecode.swift; path = TextFieldTableViewCell.swift; sourceTree = "<group>"; };
        83BBB18420B4FF030013776D /* TextViewTableViewCell.swift */ = {isa = PBXFileReference; lastKnownFileType = sourcecode.swift; path = TextViewTableViewCell.swift; sourceTree = "<group>"; };
        83F7571820AC23E500FFD1A0 /* TaskEditPageViewController.swift */ = {isa = PBXFileReference; lastKnownFileType = sourcecode.swift; path = TaskEditPageViewController.swift; sourceTree = "<group>"; };
        83FC745A20B21ED200CA0BEB /* TaskDetailViewController.swift */ = {isa = PBXFileReference; lastKnownFileType = sourcecode.swift; path = TaskDetailViewController.swift; sourceTree = "<group>"; };
        ED43235C209E85EA00F11140 /* TaskManager.swift */ = {isa = PBXFileReference; lastKnownFileType = sourcecode.swift; path = TaskManager.swift; sourceTree = "<group>"; };
        ED43235F209E870B00F11140 /* Task.swift */ = {isa = PBXFileReference; lastKnownFileType = sourcecode.swift; path = Task.swift; sourceTree = "<group>"; };
        ED5B5A6720A0EA9600E3C5F8 /* Setting.swift */ = {isa = PBXFileReference; lastKnownFileType = sourcecode.swift; path = Setting.swift; sourceTree = "<group>"; };
        ED5B5A6A20A0FB7500E3C5F8 /* SettingDAO.swift */ = {isa = PBXFileReference; lastKnownFileType = sourcecode.swift; path = SettingDAO.swift; sourceTree = "<group>"; };
        ED5B5A6D20A105D300E3C5F8 /* SettingForm.swift */ = {isa = PBXFileReference; lastKnownFileType = sourcecode.swift; path = SettingForm.swift; sourceTree = "<group>"; };
        ED5B5A7020A2528E00E3C5F8 /* IDGenerator.swift */ = {isa = PBXFileReference; lastKnownFileType = sourcecode.swift; path = IDGenerator.swift; sourceTree = "<group>"; };
        ED5B5A7320A511C400E3C5F8 /* TaskForm.swift */ = {isa = PBXFileReference; lastKnownFileType = sourcecode.swift; path = TaskForm.swift; sourceTree = "<group>"; };
        ED5B5A8D20AA6AE000E3C5F8 /* QuickSort.swift */ = {isa = PBXFileReference; lastKnownFileType = sourcecode.swift; path = QuickSort.swift; sourceTree = "<group>"; };
        ED5B5AC220AA754400E3C5F8 /* UITask.swift */ = {isa = PBXFileReference; lastKnownFileType = sourcecode.swift; path = UITask.swift; sourceTree = "<group>"; };
        ED5B5AC620AA86B400E3C5F8 /* ColorExtension.swift */ = {isa = PBXFileReference; lastKnownFileType = sourcecode.swift; path = ColorExtension.swift; sourceTree = "<group>"; };
        ED5B5ACA20AA94AA00E3C5F8 /* UITaskDetail.swift */ = {isa = PBXFileReference; lastKnownFileType = sourcecode.swift; path = UITaskDetail.swift; sourceTree = "<group>"; };
        ED681757209BB94500FEF7D7 /* UserForm.swift */ = {isa = PBXFileReference; lastKnownFileType = sourcecode.swift; path = UserForm.swift; sourceTree = "<group>"; };
        ED6C2A47209302640063B4AC /* HALP.app */ = {isa = PBXFileReference; explicitFileType = wrapper.application; includeInIndex = 0; path = HALP.app; sourceTree = BUILT_PRODUCTS_DIR; };
        ED6C2A4A209302650063B4AC /* AppDelegate.swift */ = {isa = PBXFileReference; lastKnownFileType = sourcecode.swift; path = AppDelegate.swift; sourceTree = "<group>"; };
        ED6C2A4C209302650063B4AC /* RootViewController.swift */ = {isa = PBXFileReference; lastKnownFileType = sourcecode.swift; path = RootViewController.swift; sourceTree = "<group>"; };
        ED6C2A50209302650063B4AC /* ModelController.swift */ = {isa = PBXFileReference; lastKnownFileType = sourcecode.swift; path = ModelController.swift; sourceTree = "<group>"; };
        ED6C2A53209302650063B4AC /* Base */ = {isa = PBXFileReference; lastKnownFileType = file.storyboard; name = Base; path = Base.lproj/Main.storyboard; sourceTree = "<group>"; };
        ED6C2A55209302660063B4AC /* Assets.xcassets */ = {isa = PBXFileReference; lastKnownFileType = folder.assetcatalog; path = Assets.xcassets; sourceTree = "<group>"; };
        ED6C2A58209302660063B4AC /* Base */ = {isa = PBXFileReference; lastKnownFileType = file.storyboard; name = Base; path = Base.lproj/LaunchScreen.storyboard; sourceTree = "<group>"; };
        ED6C2A5A209302660063B4AC /* Info.plist */ = {isa = PBXFileReference; lastKnownFileType = text.plist.xml; path = Info.plist; sourceTree = "<group>"; };
        ED6C2A5F209302660063B4AC /* HALPTests.xctest */ = {isa = PBXFileReference; explicitFileType = wrapper.cfbundle; includeInIndex = 0; path = HALPTests.xctest; sourceTree = BUILT_PRODUCTS_DIR; };
        ED6C2A63209302660063B4AC /* HALPTests.swift */ = {isa = PBXFileReference; lastKnownFileType = sourcecode.swift; path = HALPTests.swift; sourceTree = "<group>"; };
        ED6C2A65209302660063B4AC /* Info.plist */ = {isa = PBXFileReference; lastKnownFileType = text.plist.xml; path = Info.plist; sourceTree = "<group>"; };
        ED6C2A6A209302660063B4AC /* HALPUITests.xctest */ = {isa = PBXFileReference; explicitFileType = wrapper.cfbundle; includeInIndex = 0; path = HALPUITests.xctest; sourceTree = BUILT_PRODUCTS_DIR; };
        ED6C2A6E209302660063B4AC /* HALPUITests.swift */ = {isa = PBXFileReference; lastKnownFileType = sourcecode.swift; path = HALPUITests.swift; sourceTree = "<group>"; };
        ED6C2A70209302660063B4AC /* Info.plist */ = {isa = PBXFileReference; lastKnownFileType = text.plist.xml; path = Info.plist; sourceTree = "<group>"; };
        ED6C2A7C2093052E0063B4AC /* README.md */ = {isa = PBXFileReference; lastKnownFileType = net.daringfireball.markdown; name = README.md; path = ../README.md; sourceTree = "<group>"; };
        ED9FE994209AB14B00F0DB56 /* UserData.swift */ = {isa = PBXFileReference; fileEncoding = 4; lastKnownFileType = sourcecode.swift; path = UserData.swift; sourceTree = "<group>"; };
        ED9FE995209AB14B00F0DB56 /* UserDAO.swift */ = {isa = PBXFileReference; fileEncoding = 4; lastKnownFileType = sourcecode.swift; path = UserDAO.swift; sourceTree = "<group>"; };
        EDDEE2482097B3B50078827A /* Clockview.swift */ = {isa = PBXFileReference; lastKnownFileType = sourcecode.swift; path = Clockview.swift; sourceTree = "<group>"; };
        EDDEE24A2097B77E0078827A /* ListView.swift */ = {isa = PBXFileReference; lastKnownFileType = sourcecode.swift; path = ListView.swift; sourceTree = "<group>"; };
        EDDEE24C2097C36D0078827A /* SettingPage.swift */ = {isa = PBXFileReference; lastKnownFileType = sourcecode.swift; path = SettingPage.swift; sourceTree = "<group>"; };
        EDDEE24E2097C7830078827A /* UI_template.swift */ = {isa = PBXFileReference; lastKnownFileType = sourcecode.swift; path = UI_template.swift; sourceTree = "<group>"; };
        EDDEE2502097CA730078827A /* Startup.swift */ = {isa = PBXFileReference; lastKnownFileType = sourcecode.swift; path = Startup.swift; sourceTree = "<group>"; };
/* End PBXFileReference section */

/* Begin PBXFrameworksBuildPhase section */
        ED6C2A44209302640063B4AC /* Frameworks */ = {
            isa = PBXFrameworksBuildPhase;
            buildActionMask = 2147483647;
            files = (
            );
            runOnlyForDeploymentPostprocessing = 0;
        };
        ED6C2A5C209302660063B4AC /* Frameworks */ = {
            isa = PBXFrameworksBuildPhase;
            buildActionMask = 2147483647;
            files = (
            );
            runOnlyForDeploymentPostprocessing = 0;
        };
        ED6C2A67209302660063B4AC /* Frameworks */ = {
            isa = PBXFrameworksBuildPhase;
            buildActionMask = 2147483647;
            files = (
            );
            runOnlyForDeploymentPostprocessing = 0;
        };
/* End PBXFrameworksBuildPhase section */

/* Begin PBXGroup section */
        8379928220A7B73E005784AE /* Extensions */ = {
            isa = PBXGroup;
            children = (
                ED5B5A8D20AA6AE000E3C5F8 /* QuickSort.swift */,
                8379928320A7B797005784AE /* AutolayoutExtension.swift */,
                ED5B5AC620AA86B400E3C5F8 /* ColorExtension.swift */,
                4A6BDC18DA95777B3555B32E /* ButtonExtension.swift */,
            );
            name = Extensions;
            sourceTree = "<group>";
        };
        83BBB17E20B34A060013776D /* TaskEditPage */ = {
            isa = PBXGroup;
            children = (
                83F7571820AC23E500FFD1A0 /* TaskEditPageViewController.swift */,
                83A61B8920AF340A00627714 /* TaskDetailTableViewController.swift */,
                83BBB17C20B2BECD0013776D /* TextFieldTableViewCell.swift */,
                83BBB18420B4FF030013776D /* TextViewTableViewCell.swift */,
                834A4C7220BBB53F000F1C80 /* SwitchTableViewCell.swift */,
            );
            name = TaskEditPage;
            sourceTree = "<group>";
        };
        83BBB17F20B4F8D80013776D /* ListView */ = {
            isa = PBXGroup;
            children = (
                83927E6620B0A4D100E3D927 /* ListTaskViewController.swift */,
                833DED8520B0DC6100CCA657 /* ListTaskTableViewCell.swift */,
                83FC745A20B21ED200CA0BEB /* TaskDetailViewController.swift */,
                834A4C5B20B9E82F000F1C80 /* MainDetailTableViewCell.swift */,
                ED5B5ACA20AA94AA00E3C5F8 /* UITaskDetail.swift */,
            );
            name = ListView;
            sourceTree = "<group>";
        };
        ED432362209FAD3E00F11140 /* View Classes */ = {
            isa = PBXGroup;
            children = (
                ED6C2A50209302650063B4AC /* ModelController.swift */,
                EDDEE2482097B3B50078827A /* Clockview.swift */,
                83927E6820B0A7A500E3D927 /* ClockFaceView.swift */,
                EDDEE24E2097C7830078827A /* UI_template.swift */,
                8379928520A93787005784AE /* SignUp.swift */,
                EDDEE2502097CA730078827A /* Startup.swift */,
                EDDEE24A2097B77E0078827A /* ListView.swift */,
                EDDEE24C2097C36D0078827A /* SettingPage.swift */,
                ED6C2A4C209302650063B4AC /* RootViewController.swift */,
                83BBB17E20B34A060013776D /* TaskEditPage */,
                ED5B5AC220AA754400E3C5F8 /* UITask.swift */,
                83BBB17F20B4F8D80013776D /* ListView */,
            );
            name = "View Classes";
            sourceTree = "<group>";
        };
        ED432363209FAD7D00F11140 /* Data Classes */ = {
            isa = PBXGroup;
            children = (
                ED681757209BB94500FEF7D7 /* UserForm.swift */,
                ED9FE995209AB14B00F0DB56 /* UserDAO.swift */,
                ED9FE994209AB14B00F0DB56 /* UserData.swift */,
                ED43235F209E870B00F11140 /* Task.swift */,
                4185631720A545BB00AA7493 /* TaskDAO.swift */,
                ED5B5A7320A511C400E3C5F8 /* TaskForm.swift */,
                ED5B5A6720A0EA9600E3C5F8 /* Setting.swift */,
                ED5B5A6A20A0FB7500E3C5F8 /* SettingDAO.swift */,
                ED5B5A6D20A105D300E3C5F8 /* SettingForm.swift */,
            );
            name = "Data Classes";
            sourceTree = "<group>";
        };
        ED432364209FADD000F11140 /* Core */ = {
            isa = PBXGroup;
            children = (
                ED43235C209E85EA00F11140 /* TaskManager.swift */,
                ED6C2A4A209302650063B4AC /* AppDelegate.swift */,
                ED5B5A7020A2528E00E3C5F8 /* IDGenerator.swift */,
            );
            name = Core;
            sourceTree = "<group>";
        };
        ED6C2A3E209302640063B4AC = {
            isa = PBXGroup;
            children = (
                ED6C2A7C2093052E0063B4AC /* README.md */,
                ED6C2A49209302640063B4AC /* HALP */,
                ED6C2A62209302660063B4AC /* HALPTests */,
                ED6C2A6D209302660063B4AC /* HALPUITests */,
                ED6C2A48209302640063B4AC /* Products */,
            );
            sourceTree = "<group>";
        };
        ED6C2A48209302640063B4AC /* Products */ = {
            isa = PBXGroup;
            children = (
                ED6C2A47209302640063B4AC /* HALP.app */,
                ED6C2A5F209302660063B4AC /* HALPTests.xctest */,
                ED6C2A6A209302660063B4AC /* HALPUITests.xctest */,
            );
            name = Products;
            sourceTree = "<group>";
        };
        ED6C2A49209302640063B4AC /* HALP */ = {
            isa = PBXGroup;
            children = (
                8379928220A7B73E005784AE /* Extensions */,
                ED432364209FADD000F11140 /* Core */,
                ED432363209FAD7D00F11140 /* Data Classes */,
                ED432362209FAD3E00F11140 /* View Classes */,
                ED6C2A52209302650063B4AC /* Main.storyboard */,
                ED6C2A55209302660063B4AC /* Assets.xcassets */,
                ED6C2A57209302660063B4AC /* LaunchScreen.storyboard */,
                ED6C2A5A209302660063B4AC /* Info.plist */,
            );
            path = HALP;
            sourceTree = "<group>";
        };
        ED6C2A62209302660063B4AC /* HALPTests */ = {
            isa = PBXGroup;
            children = (
                ED6C2A63209302660063B4AC /* HALPTests.swift */,
                ED6C2A65209302660063B4AC /* Info.plist */,
            );
            path = HALPTests;
            sourceTree = "<group>";
        };
        ED6C2A6D209302660063B4AC /* HALPUITests */ = {
            isa = PBXGroup;
            children = (
                ED6C2A6E209302660063B4AC /* HALPUITests.swift */,
                ED6C2A70209302660063B4AC /* Info.plist */,
            );
            path = HALPUITests;
            sourceTree = "<group>";
        };
/* End PBXGroup section */

/* Begin PBXNativeTarget section */
        ED6C2A46209302640063B4AC /* HALP */ = {
            isa = PBXNativeTarget;
            buildConfigurationList = ED6C2A73209302660063B4AC /* Build configuration list for PBXNativeTarget "HALP" */;
            buildPhases = (
                ED6C2A43209302640063B4AC /* Sources */,
                ED6C2A44209302640063B4AC /* Frameworks */,
                ED6C2A45209302640063B4AC /* Resources */,
            );
            buildRules = (
            );
            dependencies = (
            );
            name = HALP;
            productName = HALP;
            productReference = ED6C2A47209302640063B4AC /* HALP.app */;
            productType = "com.apple.product-type.application";
        };
        ED6C2A5E209302660063B4AC /* HALPTests */ = {
            isa = PBXNativeTarget;
            buildConfigurationList = ED6C2A76209302660063B4AC /* Build configuration list for PBXNativeTarget "HALPTests" */;
            buildPhases = (
                ED6C2A5B209302660063B4AC /* Sources */,
                ED6C2A5C209302660063B4AC /* Frameworks */,
                ED6C2A5D209302660063B4AC /* Resources */,
            );
            buildRules = (
            );
            dependencies = (
                ED6C2A61209302660063B4AC /* PBXTargetDependency */,
            );
            name = HALPTests;
            productName = HALPTests;
            productReference = ED6C2A5F209302660063B4AC /* HALPTests.xctest */;
            productType = "com.apple.product-type.bundle.unit-test";
        };
        ED6C2A69209302660063B4AC /* HALPUITests */ = {
            isa = PBXNativeTarget;
            buildConfigurationList = ED6C2A79209302660063B4AC /* Build configuration list for PBXNativeTarget "HALPUITests" */;
            buildPhases = (
                ED6C2A66209302660063B4AC /* Sources */,
                ED6C2A67209302660063B4AC /* Frameworks */,
                ED6C2A68209302660063B4AC /* Resources */,
            );
            buildRules = (
            );
            dependencies = (
                ED6C2A6C209302660063B4AC /* PBXTargetDependency */,
            );
            name = HALPUITests;
            productName = HALPUITests;
            productReference = ED6C2A6A209302660063B4AC /* HALPUITests.xctest */;
            productType = "com.apple.product-type.bundle.ui-testing";
        };
/* End PBXNativeTarget section */

/* Begin PBXProject section */
        ED6C2A3F209302640063B4AC /* Project object */ = {
            isa = PBXProject;
            attributes = {
                LastSwiftUpdateCheck = 0930;
                LastUpgradeCheck = 0930;
                ORGANIZATIONNAME = "Team Zero";
                TargetAttributes = {
                    ED6C2A46209302640063B4AC = {
                        CreatedOnToolsVersion = 9.3;
                    };
                    ED6C2A5E209302660063B4AC = {
                        CreatedOnToolsVersion = 9.3;
                        TestTargetID = ED6C2A46209302640063B4AC;
                    };
                    ED6C2A69209302660063B4AC = {
                        CreatedOnToolsVersion = 9.3;
                        TestTargetID = ED6C2A46209302640063B4AC;
                    };
                };
            };
            buildConfigurationList = ED6C2A42209302640063B4AC /* Build configuration list for PBXProject "HALP" */;
            compatibilityVersion = "Xcode 9.3";
            developmentRegion = en;
            hasScannedForEncodings = 0;
            knownRegions = (
                en,
                Base,
            );
            mainGroup = ED6C2A3E209302640063B4AC;
            productRefGroup = ED6C2A48209302640063B4AC /* Products */;
            projectDirPath = "";
            projectRoot = "";
            targets = (
                ED6C2A46209302640063B4AC /* HALP */,
                ED6C2A5E209302660063B4AC /* HALPTests */,
                ED6C2A69209302660063B4AC /* HALPUITests */,
            );
        };
/* End PBXProject section */

/* Begin PBXResourcesBuildPhase section */
        ED6C2A45209302640063B4AC /* Resources */ = {
            isa = PBXResourcesBuildPhase;
            buildActionMask = 2147483647;
            files = (
                ED6C2A59209302660063B4AC /* LaunchScreen.storyboard in Resources */,
                ED6C2A56209302660063B4AC /* Assets.xcassets in Resources */,
                ED6C2A54209302650063B4AC /* Main.storyboard in Resources */,
            );
            runOnlyForDeploymentPostprocessing = 0;
        };
        ED6C2A5D209302660063B4AC /* Resources */ = {
            isa = PBXResourcesBuildPhase;
            buildActionMask = 2147483647;
            files = (
                834A4C6D20BB31A6000F1C80 /* Assets.xcassets in Resources */,
            );
            runOnlyForDeploymentPostprocessing = 0;
        };
        ED6C2A68209302660063B4AC /* Resources */ = {
            isa = PBXResourcesBuildPhase;
            buildActionMask = 2147483647;
            files = (
                834A4C6E20BB31A7000F1C80 /* Assets.xcassets in Resources */,
            );
            runOnlyForDeploymentPostprocessing = 0;
        };
/* End PBXResourcesBuildPhase section */

/* Begin PBXSourcesBuildPhase section */
        ED6C2A43209302640063B4AC /* Sources */ = {
            isa = PBXSourcesBuildPhase;
            buildActionMask = 2147483647;
            files = (
                83927E6720B0A4D100E3D927 /* ListTaskViewController.swift in Sources */,
                83F7571920AC23E500FFD1A0 /* TaskEditPageViewController.swift in Sources */,
                833DED8620B0DC6100CCA657 /* ListTaskTableViewCell.swift in Sources */,
                ED681758209BB94500FEF7D7 /* UserForm.swift in Sources */,
                EDDEE2492097B3B50078827A /* Clockview.swift in Sources */,
                834A4C7320BBB53F000F1C80 /* SwitchTableViewCell.swift in Sources */,
                8379928620A93787005784AE /* SignUp.swift in Sources */,
                ED6C2A4D209302650063B4AC /* RootViewController.swift in Sources */,
                ED5B5AC720AA86B400E3C5F8 /* ColorExtension.swift in Sources */,
                8379928420A7B797005784AE /* AutolayoutExtension.swift in Sources */,
                ED43235D209E85EA00F11140 /* TaskManager.swift in Sources */,
                EDDEE24B2097B77E0078827A /* ListView.swift in Sources */,
                ED5B5A6E20A105D300E3C5F8 /* SettingForm.swift in Sources */,
                ED5B5A7120A2528E00E3C5F8 /* IDGenerator.swift in Sources */,
                ED5B5A6820A0EA9600E3C5F8 /* Setting.swift in Sources */,
                ED9FE998209AB14B00F0DB56 /* UserDAO.swift in Sources */,
                83A61B8A20AF340A00627714 /* TaskDetailTableViewController.swift in Sources */,
                ED5B5ACB20AA94AA00E3C5F8 /* UITaskDetail.swift in Sources */,
                ED9FE996209AB14B00F0DB56 /* UserData.swift in Sources */,
                ED5B5A8E20AA6AE000E3C5F8 /* QuickSort.swift in Sources */,
                EDDEE2512097CA730078827A /* Startup.swift in Sources */,
                ED6C2A51209302650063B4AC /* ModelController.swift in Sources */,
                ED5B5AC320AA754400E3C5F8 /* UITask.swift in Sources */,
                ED6C2A4B209302650063B4AC /* AppDelegate.swift in Sources */,
                EDDEE24D2097C36D0078827A /* SettingPage.swift in Sources */,
                4185631820A545BB00AA7493 /* TaskDAO.swift in Sources */,
                ED5B5A6B20A0FB7500E3C5F8 /* SettingDAO.swift in Sources */,
                ED432360209E870B00F11140 /* Task.swift in Sources */,
                83BBB17D20B2BECD0013776D /* TextFieldTableViewCell.swift in Sources */,
                83927E6920B0A7A500E3D927 /* ClockFaceView.swift in Sources */,
                ED5B5A7420A511C400E3C5F8 /* TaskForm.swift in Sources */,
                EDDEE24F2097C7830078827A /* UI_template.swift in Sources */,
                83FC745B20B21ED200CA0BEB /* TaskDetailViewController.swift in Sources */,
                4A6BDE028DF44FFAA0230AA4 /* ButtonExtension.swift in Sources */,
                834A4C5C20B9E82F000F1C80 /* MainDetailTableViewCell.swift in Sources */,
                83BBB18520B4FF030013776D /* TextViewTableViewCell.swift in Sources */,
            );
            runOnlyForDeploymentPostprocessing = 0;
        };
        ED6C2A5B209302660063B4AC /* Sources */ = {
            isa = PBXSourcesBuildPhase;
            buildActionMask = 2147483647;
            files = (
                ED681759209BB94500FEF7D7 /* UserForm.swift in Sources */,
                834A4C5D20BB3173000F1C80 /* ListTaskViewController.swift in Sources */,
                ED68175A209BBA4E00FEF7D7 /* UserDAO.swift in Sources */,
                ED5B5A7220A2528E00E3C5F8 /* IDGenerator.swift in Sources */,
                ED5B5A9520AA701F00E3C5F8 /* AppDelegate.swift in Sources */,
                ED43235E209E85EA00F11140 /* TaskManager.swift in Sources */,
                834A4C5F20BB3177000F1C80 /* ListTaskTableViewCell.swift in Sources */,
                ED5B5AA620AA703800E3C5F8 /* ModelController.swift in Sources */,
                ED5B5A8F20AA6AE000E3C5F8 /* QuickSort.swift in Sources */,
                833DED8420B0BC7500CCA657 /* ClockFaceView.swift in Sources */,
                ED68175B209BBA5100FEF7D7 /* UserData.swift in Sources */,
                834A4C7420BBB53F000F1C80 /* SwitchTableViewCell.swift in Sources */,
                834A4C6920BB3192000F1C80 /* TaskDetailTableViewController.swift in Sources */,
                834A4C6B20BB3195000F1C80 /* TaskEditPageViewController.swift in Sources */,
                ED5B5A6920A0EA9600E3C5F8 /* Setting.swift in Sources */,
                ED5B5A6C20A0FB7500E3C5F8 /* SettingDAO.swift in Sources */,
                ED5B5AC420AA754400E3C5F8 /* UITask.swift in Sources */,
                4185636720A5621900AA7493 /* TaskDAO.swift in Sources */,
                ED5B5AA820AA703800E3C5F8 /* UI_template.swift in Sources */,
                ED5B5AAD20AA703800E3C5F8 /* RootViewController.swift in Sources */,
                ED432361209E870B00F11140 /* Task.swift in Sources */,
                ED5B5A9220AA701A00E3C5F8 /* AutolayoutExtension.swift in Sources */,
                ED6C2A64209302660063B4AC /* HALPTests.swift in Sources */,
                ED5B5A7520A511C400E3C5F8 /* TaskForm.swift in Sources */,
                ED5B5AA920AA703800E3C5F8 /* SignUp.swift in Sources */,
                ED5B5AAB20AA703800E3C5F8 /* ListView.swift in Sources */,
                ED5B5AA720AA703800E3C5F8 /* Clockview.swift in Sources */,
                834A4C6320BB317D000F1C80 /* MainDetailTableViewCell.swift in Sources */,
                834A4C6520BB318C000F1C80 /* TextViewTableViewCell.swift in Sources */,
                834A4C6120BB317A000F1C80 /* TaskDetailViewController.swift in Sources */,
                834A4C7020BB329A000F1C80 /* UITaskDetail.swift in Sources */,
                834A4C6720BB318F000F1C80 /* TextFieldTableViewCell.swift in Sources */,
                ED5B5AAC20AA703800E3C5F8 /* SettingPage.swift in Sources */,
                ED5B5A6F20A105D300E3C5F8 /* SettingForm.swift in Sources */,
                ED5B5AAA20AA703800E3C5F8 /* Startup.swift in Sources */,
                ED5B5AC820AA86B400E3C5F8 /* ColorExtension.swift in Sources */,
                4A6BD493F0475AF0C647F177 /* ButtonExtension.swift in Sources */,
            );
            runOnlyForDeploymentPostprocessing = 0;
        };
        ED6C2A66209302660063B4AC /* Sources */ = {
            isa = PBXSourcesBuildPhase;
            buildActionMask = 2147483647;
            files = (
                ED5B5A9620AA701F00E3C5F8 /* AppDelegate.swift in Sources */,
                834A4C5E20BB3173000F1C80 /* ListTaskViewController.swift in Sources */,
                ED5B5AB020AA703800E3C5F8 /* Clockview.swift in Sources */,
                ED5B5A9320AA701B00E3C5F8 /* AutolayoutExtension.swift in Sources */,
                ED5B5A9720AA702200E3C5F8 /* IDGenerator.swift in Sources */,
                ED5B5AC020AA712A00E3C5F8 /* SettingDAO.swift in Sources */,
                834A4C6020BB3177000F1C80 /* ListTaskTableViewCell.swift in Sources */,
                ED5B5AB220AA703800E3C5F8 /* SignUp.swift in Sources */,
                ED5B5AB520AA703800E3C5F8 /* SettingPage.swift in Sources */,
                833DED8320B0BC7300CCA657 /* ClockFaceView.swift in Sources */,
                ED5B5ABF20AA712A00E3C5F8 /* Setting.swift in Sources */,
                834A4C7520BBB53F000F1C80 /* SwitchTableViewCell.swift in Sources */,
                834A4C6A20BB3193000F1C80 /* TaskDetailTableViewController.swift in Sources */,
                ED5B5AB120AA703800E3C5F8 /* UI_template.swift in Sources */,
                ED5B5ABC20AA712A00E3C5F8 /* Task.swift in Sources */,
                ED5B5AC520AA754400E3C5F8 /* UITask.swift in Sources */,
                ED5B5AAF20AA703800E3C5F8 /* ModelController.swift in Sources */,
                ED6C2A6F209302660063B4AC /* HALPUITests.swift in Sources */,
                ED5B5AB420AA703800E3C5F8 /* ListView.swift in Sources */,
                ED5B5AC120AA712A00E3C5F8 /* SettingForm.swift in Sources */,
                ED5B5AB620AA703800E3C5F8 /* RootViewController.swift in Sources */,
                ED5B5ABB20AA712A00E3C5F8 /* UserData.swift in Sources */,
                ED5B5ABE20AA712A00E3C5F8 /* TaskForm.swift in Sources */,
                ED5B5AB920AA712A00E3C5F8 /* UserForm.swift in Sources */,
                ED5B5ABD20AA712A00E3C5F8 /* TaskDAO.swift in Sources */,
                ED5B5A9420AA701D00E3C5F8 /* TaskManager.swift in Sources */,
                834A4C6420BB317E000F1C80 /* MainDetailTableViewCell.swift in Sources */,
                834A4C6620BB318C000F1C80 /* TextViewTableViewCell.swift in Sources */,
                834A4C6220BB317A000F1C80 /* TaskDetailViewController.swift in Sources */,
                834A4C7120BB329A000F1C80 /* UITaskDetail.swift in Sources */,
                834A4C6820BB318F000F1C80 /* TextFieldTableViewCell.swift in Sources */,
                8352DA0020BF551000EC9D72 /* TaskEditPageViewController.swift in Sources */,
                ED5B5AB320AA703800E3C5F8 /* Startup.swift in Sources */,
                ED5B5A9020AA6AE000E3C5F8 /* QuickSort.swift in Sources */,
                ED5B5ABA20AA712A00E3C5F8 /* UserDAO.swift in Sources */,
                ED5B5AC920AA86B400E3C5F8 /* ColorExtension.swift in Sources */,
                4A6BDDAAC3A2E42D6FF9BFD7 /* ButtonExtension.swift in Sources */,
            );
            runOnlyForDeploymentPostprocessing = 0;
        };
/* End PBXSourcesBuildPhase section */

/* Begin PBXTargetDependency section */
        ED6C2A61209302660063B4AC /* PBXTargetDependency */ = {
            isa = PBXTargetDependency;
            target = ED6C2A46209302640063B4AC /* HALP */;
            targetProxy = ED6C2A60209302660063B4AC /* PBXContainerItemProxy */;
        };
        ED6C2A6C209302660063B4AC /* PBXTargetDependency */ = {
            isa = PBXTargetDependency;
            target = ED6C2A46209302640063B4AC /* HALP */;
            targetProxy = ED6C2A6B209302660063B4AC /* PBXContainerItemProxy */;
        };
/* End PBXTargetDependency section */

/* Begin PBXVariantGroup section */
        ED6C2A52209302650063B4AC /* Main.storyboard */ = {
            isa = PBXVariantGroup;
            children = (
                ED6C2A53209302650063B4AC /* Base */,
            );
            name = Main.storyboard;
            sourceTree = "<group>";
        };
        ED6C2A57209302660063B4AC /* LaunchScreen.storyboard */ = {
            isa = PBXVariantGroup;
            children = (
                ED6C2A58209302660063B4AC /* Base */,
            );
            name = LaunchScreen.storyboard;
            sourceTree = "<group>";
        };
/* End PBXVariantGroup section */

/* Begin XCBuildConfiguration section */
        ED6C2A71209302660063B4AC /* Debug */ = {
            isa = XCBuildConfiguration;
            buildSettings = {
                ALWAYS_SEARCH_USER_PATHS = NO;
                CLANG_ANALYZER_NONNULL = YES;
                CLANG_ANALYZER_NUMBER_OBJECT_CONVERSION = YES_AGGRESSIVE;
                CLANG_CXX_LANGUAGE_STANDARD = "gnu++14";
                CLANG_CXX_LIBRARY = "libc++";
                CLANG_ENABLE_MODULES = YES;
                CLANG_ENABLE_OBJC_ARC = YES;
                CLANG_ENABLE_OBJC_WEAK = YES;
                CLANG_WARN_BLOCK_CAPTURE_AUTORELEASING = YES;
                CLANG_WARN_BOOL_CONVERSION = YES;
                CLANG_WARN_COMMA = YES;
                CLANG_WARN_CONSTANT_CONVERSION = YES;
                CLANG_WARN_DEPRECATED_OBJC_IMPLEMENTATIONS = YES;
                CLANG_WARN_DIRECT_OBJC_ISA_USAGE = YES_ERROR;
                CLANG_WARN_DOCUMENTATION_COMMENTS = YES;
                CLANG_WARN_EMPTY_BODY = YES;
                CLANG_WARN_ENUM_CONVERSION = YES;
                CLANG_WARN_INFINITE_RECURSION = YES;
                CLANG_WARN_INT_CONVERSION = YES;
                CLANG_WARN_NON_LITERAL_NULL_CONVERSION = YES;
                CLANG_WARN_OBJC_IMPLICIT_RETAIN_SELF = YES;
                CLANG_WARN_OBJC_LITERAL_CONVERSION = YES;
                CLANG_WARN_OBJC_ROOT_CLASS = YES_ERROR;
                CLANG_WARN_RANGE_LOOP_ANALYSIS = YES;
                CLANG_WARN_STRICT_PROTOTYPES = YES;
                CLANG_WARN_SUSPICIOUS_MOVE = YES;
                CLANG_WARN_UNGUARDED_AVAILABILITY = YES_AGGRESSIVE;
                CLANG_WARN_UNREACHABLE_CODE = YES;
                CLANG_WARN__DUPLICATE_METHOD_MATCH = YES;
                CODE_SIGN_IDENTITY = "iPhone Developer";
                COPY_PHASE_STRIP = NO;
                DEBUG_INFORMATION_FORMAT = dwarf;
                ENABLE_STRICT_OBJC_MSGSEND = YES;
                ENABLE_TESTABILITY = YES;
                GCC_C_LANGUAGE_STANDARD = gnu11;
                GCC_DYNAMIC_NO_PIC = NO;
                GCC_NO_COMMON_BLOCKS = YES;
                GCC_OPTIMIZATION_LEVEL = 0;
                GCC_PREPROCESSOR_DEFINITIONS = (
                    "DEBUG=1",
                    "$(inherited)",
                );
                GCC_WARN_64_TO_32_BIT_CONVERSION = YES;
                GCC_WARN_ABOUT_RETURN_TYPE = YES_ERROR;
                GCC_WARN_UNDECLARED_SELECTOR = YES;
                GCC_WARN_UNINITIALIZED_AUTOS = YES_AGGRESSIVE;
                GCC_WARN_UNUSED_FUNCTION = YES;
                GCC_WARN_UNUSED_VARIABLE = YES;
                IPHONEOS_DEPLOYMENT_TARGET = 11.3;
                MTL_ENABLE_DEBUG_INFO = YES;
                ONLY_ACTIVE_ARCH = YES;
                SDKROOT = iphoneos;
                SWIFT_ACTIVE_COMPILATION_CONDITIONS = DEBUG;
                SWIFT_OPTIMIZATION_LEVEL = "-Onone";
            };
            name = Debug;
        };
        ED6C2A72209302660063B4AC /* Release */ = {
            isa = XCBuildConfiguration;
            buildSettings = {
                ALWAYS_SEARCH_USER_PATHS = NO;
                CLANG_ANALYZER_NONNULL = YES;
                CLANG_ANALYZER_NUMBER_OBJECT_CONVERSION = YES_AGGRESSIVE;
                CLANG_CXX_LANGUAGE_STANDARD = "gnu++14";
                CLANG_CXX_LIBRARY = "libc++";
                CLANG_ENABLE_MODULES = YES;
                CLANG_ENABLE_OBJC_ARC = YES;
                CLANG_ENABLE_OBJC_WEAK = YES;
                CLANG_WARN_BLOCK_CAPTURE_AUTORELEASING = YES;
                CLANG_WARN_BOOL_CONVERSION = YES;
                CLANG_WARN_COMMA = YES;
                CLANG_WARN_CONSTANT_CONVERSION = YES;
                CLANG_WARN_DEPRECATED_OBJC_IMPLEMENTATIONS = YES;
                CLANG_WARN_DIRECT_OBJC_ISA_USAGE = YES_ERROR;
                CLANG_WARN_DOCUMENTATION_COMMENTS = YES;
                CLANG_WARN_EMPTY_BODY = YES;
                CLANG_WARN_ENUM_CONVERSION = YES;
                CLANG_WARN_INFINITE_RECURSION = YES;
                CLANG_WARN_INT_CONVERSION = YES;
                CLANG_WARN_NON_LITERAL_NULL_CONVERSION = YES;
                CLANG_WARN_OBJC_IMPLICIT_RETAIN_SELF = YES;
                CLANG_WARN_OBJC_LITERAL_CONVERSION = YES;
                CLANG_WARN_OBJC_ROOT_CLASS = YES_ERROR;
                CLANG_WARN_RANGE_LOOP_ANALYSIS = YES;
                CLANG_WARN_STRICT_PROTOTYPES = YES;
                CLANG_WARN_SUSPICIOUS_MOVE = YES;
                CLANG_WARN_UNGUARDED_AVAILABILITY = YES_AGGRESSIVE;
                CLANG_WARN_UNREACHABLE_CODE = YES;
                CLANG_WARN__DUPLICATE_METHOD_MATCH = YES;
                CODE_SIGN_IDENTITY = "iPhone Developer";
                COPY_PHASE_STRIP = NO;
                DEBUG_INFORMATION_FORMAT = "dwarf-with-dsym";
                ENABLE_NS_ASSERTIONS = NO;
                ENABLE_STRICT_OBJC_MSGSEND = YES;
                GCC_C_LANGUAGE_STANDARD = gnu11;
                GCC_NO_COMMON_BLOCKS = YES;
                GCC_WARN_64_TO_32_BIT_CONVERSION = YES;
                GCC_WARN_ABOUT_RETURN_TYPE = YES_ERROR;
                GCC_WARN_UNDECLARED_SELECTOR = YES;
                GCC_WARN_UNINITIALIZED_AUTOS = YES_AGGRESSIVE;
                GCC_WARN_UNUSED_FUNCTION = YES;
                GCC_WARN_UNUSED_VARIABLE = YES;
                IPHONEOS_DEPLOYMENT_TARGET = 11.3;
                MTL_ENABLE_DEBUG_INFO = NO;
                SDKROOT = iphoneos;
                SWIFT_COMPILATION_MODE = wholemodule;
                SWIFT_OPTIMIZATION_LEVEL = "-O";
                VALIDATE_PRODUCT = YES;
            };
            name = Release;
        };
        ED6C2A74209302660063B4AC /* Debug */ = {
            isa = XCBuildConfiguration;
            buildSettings = {
                ALWAYS_EMBED_SWIFT_STANDARD_LIBRARIES = YES;
                ASSETCATALOG_COMPILER_APPICON_NAME = AppIcon;
                CODE_SIGN_IDENTITY = "iPhone Developer";
                CODE_SIGN_STYLE = Automatic;
                DEVELOPMENT_TEAM = 764FPJ3WFK;
                EMBED_ASSET_PACKS_IN_PRODUCT_BUNDLE = YES;
                INFOPLIST_FILE = HALP/Info.plist;
                LD_RUNPATH_SEARCH_PATHS = (
                    "$(inherited)",
                    "@executable_path/Frameworks",
                );
                PRODUCT_BUNDLE_IDENTIFIER = T0.HALP;
                PRODUCT_NAME = "$(TARGET_NAME)";
                PROVISIONING_PROFILE_SPECIFIER = "";
                SWIFT_VERSION = 4.0;
                TARGETED_DEVICE_FAMILY = "1,2";
            };
            name = Debug;
        };
        ED6C2A75209302660063B4AC /* Release */ = {
            isa = XCBuildConfiguration;
            buildSettings = {
                ALWAYS_EMBED_SWIFT_STANDARD_LIBRARIES = YES;
                ASSETCATALOG_COMPILER_APPICON_NAME = AppIcon;
                CODE_SIGN_IDENTITY = "iPhone Developer";
                CODE_SIGN_STYLE = Automatic;
                DEVELOPMENT_TEAM = 764FPJ3WFK;
                EMBED_ASSET_PACKS_IN_PRODUCT_BUNDLE = YES;
                INFOPLIST_FILE = HALP/Info.plist;
                LD_RUNPATH_SEARCH_PATHS = (
                    "$(inherited)",
                    "@executable_path/Frameworks",
                );
                PRODUCT_BUNDLE_IDENTIFIER = T0.HALP;
                PRODUCT_NAME = "$(TARGET_NAME)";
                PROVISIONING_PROFILE_SPECIFIER = "";
                SWIFT_VERSION = 4.0;
                TARGETED_DEVICE_FAMILY = "1,2";
            };
            name = Release;
        };
        ED6C2A77209302660063B4AC /* Debug */ = {
            isa = XCBuildConfiguration;
            buildSettings = {
                ALWAYS_EMBED_SWIFT_STANDARD_LIBRARIES = YES;
                BUNDLE_LOADER = "$(TEST_HOST)";
                CODE_SIGN_STYLE = Automatic;
                DEVELOPMENT_TEAM = 764FPJ3WFK;
                INFOPLIST_FILE = HALPTests/Info.plist;
                LD_RUNPATH_SEARCH_PATHS = (
                    "$(inherited)",
                    "@executable_path/Frameworks",
                    "@loader_path/Frameworks",
                );
                PRODUCT_BUNDLE_IDENTIFIER = T0.HALPTests;
                PRODUCT_NAME = "$(TARGET_NAME)";
                SWIFT_VERSION = 4.0;
                TARGETED_DEVICE_FAMILY = "1,2";
                TEST_HOST = "$(BUILT_PRODUCTS_DIR)/HALP.app/HALP";
            };
            name = Debug;
        };
        ED6C2A78209302660063B4AC /* Release */ = {
            isa = XCBuildConfiguration;
            buildSettings = {
                ALWAYS_EMBED_SWIFT_STANDARD_LIBRARIES = YES;
                BUNDLE_LOADER = "$(TEST_HOST)";
                CODE_SIGN_STYLE = Automatic;
                DEVELOPMENT_TEAM = 764FPJ3WFK;
                INFOPLIST_FILE = HALPTests/Info.plist;
                LD_RUNPATH_SEARCH_PATHS = (
                    "$(inherited)",
                    "@executable_path/Frameworks",
                    "@loader_path/Frameworks",
                );
                PRODUCT_BUNDLE_IDENTIFIER = T0.HALPTests;
                PRODUCT_NAME = "$(TARGET_NAME)";
                SWIFT_VERSION = 4.0;
                TARGETED_DEVICE_FAMILY = "1,2";
                TEST_HOST = "$(BUILT_PRODUCTS_DIR)/HALP.app/HALP";
            };
            name = Release;
        };
        ED6C2A7A209302660063B4AC /* Debug */ = {
            isa = XCBuildConfiguration;
            buildSettings = {
                ALWAYS_EMBED_SWIFT_STANDARD_LIBRARIES = YES;
                CODE_SIGN_STYLE = Automatic;
                INFOPLIST_FILE = HALPUITests/Info.plist;
                LD_RUNPATH_SEARCH_PATHS = (
                    "$(inherited)",
                    "@executable_path/Frameworks",
                    "@loader_path/Frameworks",
                );
                PRODUCT_BUNDLE_IDENTIFIER = T0.HALPUITests;
                PRODUCT_NAME = "$(TARGET_NAME)";
                SWIFT_VERSION = 4.0;
                TARGETED_DEVICE_FAMILY = "1,2";
                TEST_TARGET_NAME = HALP;
            };
            name = Debug;
        };
        ED6C2A7B209302660063B4AC /* Release */ = {
            isa = XCBuildConfiguration;
            buildSettings = {
                ALWAYS_EMBED_SWIFT_STANDARD_LIBRARIES = YES;
                CODE_SIGN_STYLE = Automatic;
                INFOPLIST_FILE = HALPUITests/Info.plist;
                LD_RUNPATH_SEARCH_PATHS = (
                    "$(inherited)",
                    "@executable_path/Frameworks",
                    "@loader_path/Frameworks",
                );
                PRODUCT_BUNDLE_IDENTIFIER = T0.HALPUITests;
                PRODUCT_NAME = "$(TARGET_NAME)";
                SWIFT_VERSION = 4.0;
                TARGETED_DEVICE_FAMILY = "1,2";
                TEST_TARGET_NAME = HALP;
            };
            name = Release;
        };
/* End XCBuildConfiguration section */

/* Begin XCConfigurationList section */
        ED6C2A42209302640063B4AC /* Build configuration list for PBXProject "HALP" */ = {
            isa = XCConfigurationList;
            buildConfigurations = (
                ED6C2A71209302660063B4AC /* Debug */,
                ED6C2A72209302660063B4AC /* Release */,
            );
            defaultConfigurationIsVisible = 0;
            defaultConfigurationName = Release;
        };
        ED6C2A73209302660063B4AC /* Build configuration list for PBXNativeTarget "HALP" */ = {
            isa = XCConfigurationList;
            buildConfigurations = (
                ED6C2A74209302660063B4AC /* Debug */,
                ED6C2A75209302660063B4AC /* Release */,
            );
            defaultConfigurationIsVisible = 0;
            defaultConfigurationName = Release;
        };
        ED6C2A76209302660063B4AC /* Build configuration list for PBXNativeTarget "HALPTests" */ = {
            isa = XCConfigurationList;
            buildConfigurations = (
                ED6C2A77209302660063B4AC /* Debug */,
                ED6C2A78209302660063B4AC /* Release */,
            );
            defaultConfigurationIsVisible = 0;
            defaultConfigurationName = Release;
        };
        ED6C2A79209302660063B4AC /* Build configuration list for PBXNativeTarget "HALPUITests" */ = {
            isa = XCConfigurationList;
            buildConfigurations = (
                ED6C2A7A209302660063B4AC /* Debug */,
                ED6C2A7B209302660063B4AC /* Release */,
            );
            defaultConfigurationIsVisible = 0;
            defaultConfigurationName = Release;
        };
/* End XCConfigurationList section */
    };
    rootObject = ED6C2A3F209302640063B4AC /* Project object */;
}
